{"filter":false,"title":"Gemfile.lock","tooltip":"/Gemfile.lock","ace":{"folds":[],"scrolltop":1892,"scrollleft":0,"selection":{"start":{"row":0,"column":0},"end":{"row":0,"column":0},"isBackwards":false},"options":{"guessTabSize":true,"useWrapMode":false,"wrapToView":true},"firstLineState":0},"hash":"2cd8a46c8c5754003df5d7b60873b5e1b4cee110","undoManager":{"mark":0,"position":-1,"stack":[]},"timestamp":1429117222000}